# This file is automatically @generated by Cargo.
# It is not intended for manual editing.
version = 3

[[package]]
name = "binary-heap-plus"
version = "0.4.1"
source = "registry+https://github.com/rust-lang/crates.io-index"
checksum = "4f068638f8ff9e118a9361e66a411eff410e7fb3ecaa23bf9272324f8fc606d7"
dependencies = [
 "compare",
]

[[package]]
name = "bit-vec"
version = "0.6.3"
source = "registry+https://github.com/rust-lang/crates.io-index"
checksum = "349f9b6a179ed607305526ca489b34ad0a41aed5f7980fa90eb03160b69598fb"

[[package]]
name = "compare"
version = "0.1.0"
source = "registry+https://github.com/rust-lang/crates.io-index"
checksum = "120133d4db2ec47efe2e26502ee984747630c67f51974fca0b6c1340cf2368d3"

[[package]]
name = "gearley-simplified"
version = "0.1.0"
dependencies = [
 "binary-heap-plus",
 "bit-vec",
]
