# This file is automatically @generated by Cargo.
# It is not intended for manual editing.
version = 3

[[package]]
name = "bit-matrix"
version = "0.1.0"
source = "registry+https://github.com/rust-lang/crates.io-index"
checksum = "18a3373a197a04dc7f6b2e257b6927deec6ac08629ff8c35e524e2bc90c848bb"
dependencies = [
 "bit-vec",
]

[[package]]
name = "bit-vec"
version = "0.4.4"
source = "registry+https://github.com/rust-lang/crates.io-index"
checksum = "02b4ff8b16e6076c3e14220b39fbc1fabb6737522281a388998046859400895f"

[[package]]
name = "cfg"
version = "0.2.0"
source = "registry+https://github.com/rust-lang/crates.io-index"
checksum = "9ddf0caefd4561af801439a48bdc9197d065d2495596a36763cbc665e2a7e630"
dependencies = [
 "bit-matrix",
 "bit-vec",
]

[[package]]
name = "gearley-simplified"
version = "0.0.1"
dependencies = [
 "cfg",
]
